PODS:
  - Cocoa-Charts (0.2.1.1)
  - FHHFPSIndicator (1.0.0)
  - GDataXML-HTML (1.4.1)
  - KVOController (1.2.0)
  - Masonry (1.1.0)

DEPENDENCIES:
  - Cocoa-Charts
  - FHHFPSIndicator
  - GDataXML-HTML
  - KVOController
  - Masonry

SPEC REPOS:
  https://github.com/CocoaPods/Specs.git:
    - Cocoa-Charts
    - FHHFPSIndicator
    - GDataXML-HTML
    - KVOController
    - Masonry

SPEC CHECKSUMS:
  Cocoa-Charts: 9592979d0d0352674e0d3b73285b219a54823e15
  FHHFPSIndicator: b4d34c3a93b702ad18358a4eb49839f83f4f30fb
  GDataXML-HTML: a4f11079b48d9fe96ff1fe478943a317185227e2
  KVOController: d72ace34afea42468329623b3379ab3cd1d286b6
  Masonry: 678fab65091a9290e40e2832a55e7ab731aad201

PODFILE CHECKSUM: f8533d4de8ad683437b5c409868e2fc5fd384833

COCOAPODS: 1.5.0
